// !$*UTF8*$!
{
	archiveVersion = 1;
	classes = {
	};
	objectVersion = 50;
	objects = {

/* Begin PBXBuildFile section */
		3C7ED5202228564100B6398D /* DetailsViewController.swift in Sources */ = {isa = PBXBuildFile; fileRef = 3C7ED51F2228564100B6398D /* DetailsViewController.swift */; };
		3CB85B2422246038003D1B7A /* SwiftyJSON.swift in Sources */ = {isa = PBXBuildFile; fileRef = 3CB85B2322246037003D1B7A /* SwiftyJSON.swift */; };
		3CBCDBBB22206BCC00BF9C9D /* AppDelegate.swift in Sources */ = {isa = PBXBuildFile; fileRef = 3CBCDBBA22206BCC00BF9C9D /* AppDelegate.swift */; };
		3CBCDBBD22206BCC00BF9C9D /* CharactersViewController.swift in Sources */ = {isa = PBXBuildFile; fileRef = 3CBCDBBC22206BCC00BF9C9D /* CharactersViewController.swift */; };
		3CBCDBC022206BCC00BF9C9D /* Main.storyboard in Resources */ = {isa = PBXBuildFile; fileRef = 3CBCDBBE22206BCC00BF9C9D /* Main.storyboard */; };
		3CBCDBC222206BD100BF9C9D /* Assets.xcassets in Resources */ = {isa = PBXBuildFile; fileRef = 3CBCDBC122206BD100BF9C9D /* Assets.xcassets */; };
		3CBCDBC522206BD100BF9C9D /* LaunchScreen.storyboard in Resources */ = {isa = PBXBuildFile; fileRef = 3CBCDBC322206BD100BF9C9D /* LaunchScreen.storyboard */; };
/* End PBXBuildFile section */

/* Begin PBXFileReference section */
		3C7ED51F2228564100B6398D /* DetailsViewController.swift */ = {isa = PBXFileReference; lastKnownFileType = sourcecode.swift; path = DetailsViewController.swift; sourceTree = "<group>"; };
		3CB85B2322246037003D1B7A /* SwiftyJSON.swift */ = {isa = PBXFileReference; fileEncoding = 4; lastKnownFileType = sourcecode.swift; path = SwiftyJSON.swift; sourceTree = "<group>"; };
		3CBCDBB722206BCC00BF9C9D /* API Calling.app */ = {isa = PBXFileReference; explicitFileType = wrapper.application; includeInIndex = 0; path = "API Calling.app"; sourceTree = BUILT_PRODUCTS_DIR; };
		3CBCDBBA22206BCC00BF9C9D /* AppDelegate.swift */ = {isa = PBXFileReference; lastKnownFileType = sourcecode.swift; path = AppDelegate.swift; sourceTree = "<group>"; };
		3CBCDBBC22206BCC00BF9C9D /* CharactersViewController.swift */ = {isa = PBXFileReference; lastKnownFileType = sourcecode.swift; path = CharactersViewController.swift; sourceTree = "<group>"; };
		3CBCDBBF22206BCC00BF9C9D /* Base */ = {isa = PBXFileReference; lastKnownFileType = file.storyboard; name = Base; path = Base.lproj/Main.storyboard; sourceTree = "<group>"; };
		3CBCDBC122206BD100BF9C9D /* Assets.xcassets */ = {isa = PBXFileReference; lastKnownFileType = folder.assetcatalog; path = Assets.xcassets; sourceTree = "<group>"; };
		3CBCDBC422206BD100BF9C9D /* Base */ = {isa = PBXFileReference; lastKnownFileType = file.storyboard; name = Base; path = Base.lproj/LaunchScreen.storyboard; sourceTree = "<group>"; };
		3CBCDBC622206BD100BF9C9D /* Info.plist */ = {isa = PBXFileReference; lastKnownFileType = text.plist.xml; path = Info.plist; sourceTree = "<group>"; };
/* End PBXFileReference section */

/* Begin PBXFrameworksBuildPhase section */
		3CBCDBB422206BCC00BF9C9D /* Frameworks */ = {
			isa = PBXFrameworksBuildPhase;
			buildActionMask = 2147483647;
			files = (
			);
			runOnlyForDeploymentPostprocessing = 0;
		};
/* End PBXFrameworksBuildPhase section */

/* Begin PBXGroup section */
		3CBCDBAE22206BCC00BF9C9D = {
			isa = PBXGroup;
			children = (
				3CBCDBB922206BCC00BF9C9D /* API Calling */,
				3CBCDBB822206BCC00BF9C9D /* Products */,
			);
			sourceTree = "<group>";
		};
		3CBCDBB822206BCC00BF9C9D /* Products */ = {
			isa = PBXGroup;
			children = (
				3CBCDBB722206BCC00BF9C9D /* API Calling.app */,
			);
			name = Products;
			sourceTree = "<group>";
		};
		3CBCDBB922206BCC00BF9C9D /* API Calling */ = {
			isa = PBXGroup;
			children = (
				3CBCDBBA22206BCC00BF9C9D /* AppDelegate.swift */,
				3CBCDBBC22206BCC00BF9C9D /* CharactersViewController.swift */,
				3C7ED51F2228564100B6398D /* DetailsViewController.swift */,
				3CBCDBBE22206BCC00BF9C9D /* Main.storyboard */,
				3CBCDBC122206BD100BF9C9D /* Assets.xcassets */,
				3CBCDBC322206BD100BF9C9D /* LaunchScreen.storyboard */,
				3CBCDBC622206BD100BF9C9D /* Info.plist */,
				3CB85B2322246037003D1B7A /* SwiftyJSON.swift */,
			);
			path = "API Calling";
			sourceTree = "<group>";
		};
/* End PBXGroup section */

/* Begin PBXNativeTarget section */
		3CBCDBB622206BCC00BF9C9D /* API Calling */ = {
			isa = PBXNativeTarget;
			buildConfigurationList = 3CBCDBC922206BD100BF9C9D /* Build configuration list for PBXNativeTarget "API Calling" */;
			buildPhases = (
				3CBCDBB322206BCC00BF9C9D /* Sources */,
				3CBCDBB422206BCC00BF9C9D /* Frameworks */,
				3CBCDBB522206BCC00BF9C9D /* Resources */,
			);
			buildRules = (
			);
			dependencies = (
			);
			name = "API Calling";
			productName = "API Calling";
			productReference = 3CBCDBB722206BCC00BF9C9D /* API Calling.app */;
			productType = "com.apple.product-type.application";
		};
/* End PBXNativeTarget section */

/* Begin PBXProject section */
		3CBCDBAF22206BCC00BF9C9D /* Project object */ = {
			isa = PBXProject;
			attributes = {
				LastSwiftUpdateCheck = 1010;
				LastUpgradeCheck = 1010;
				ORGANIZATIONNAME = "Patrick Dowell";
				TargetAttributes = {
					3CBCDBB622206BCC00BF9C9D = {
						CreatedOnToolsVersion = 10.1;
					};
				};
			};
			buildConfigurationList = 3CBCDBB222206BCC00BF9C9D /* Build configuration list for PBXProject "API Calling" */;
			compatibilityVersion = "Xcode 9.3";
			developmentRegion = en;
			hasScannedForEncodings = 0;
			knownRegions = (
				en,
				Base,
			);
			mainGroup = 3CBCDBAE22206BCC00BF9C9D;
			productRefGroup = 3CBCDBB822206BCC00BF9C9D /* Products */;
			projectDirPath = "";
			projectRoot = "";
			targets = (
				3CBCDBB622206BCC00BF9C9D /* API Calling */,
			);
		};
/* End PBXProject section */

/* Begin PBXResourcesBuildPhase section */
		3CBCDBB522206BCC00BF9C9D /* Resources */ = {
			isa = PBXResourcesBuildPhase;
			buildActionMask = 2147483647;
			files = (
				3CBCDBC522206BD100BF9C9D /* LaunchScreen.storyboard in Resources */,
				3CBCDBC222206BD100BF9C9D /* Assets.xcassets in Resources */,
				3CBCDBC022206BCC00BF9C9D /* Main.storyboard in Resources */,
			);
			runOnlyForDeploymentPostprocessing = 0;
		};
/* End PBXResourcesBuildPhase section */

/* Begin PBXSourcesBuildPhase section */
		3CBCDBB322206BCC00BF9C9D /* Sources */ = {
			isa = PBXSourcesBuildPhase;
			buildActionMask = 2147483647;
			files = (
				3CB85B2422246038003D1B7A /* SwiftyJSON.swift in Sources */,
				3CBCDBBD22206BCC00BF9C9D /* CharactersViewController.swift in Sources */,
				3CBCDBBB22206BCC00BF9C9D /* AppDelegate.swift in Sources */,
				3C7ED5202228564100B6398D /* DetailsViewController.swift in Sources */,
			);
			runOnlyForDeploymentPostprocessing = 0;
		};
/* End PBXSourcesBuildPhase section */

/* Begin PBXVariantGroup section */
		3CBCDBBE22206BCC00BF9C9D /* Main.storyboard */ = {
			isa = PBXVariantGroup;
			children = (
				3CBCDBBF22206BCC00BF9C9D /* Base */,
			);
			name = Main.storyboard;
			sourceTree = "<group>";
		};
		3CBCDBC322206BD100BF9C9D /* LaunchScreen.storyboard */ = {
			isa = PBXVariantGroup;
			children = (
				3CBCDBC422206BD100BF9C9D /* Base */,
			);
			name = LaunchScreen.storyboard;
			sourceTree = "<group>";
		};
/* End PBXVariantGroup section */

/* Begin XCBuildConfiguration section */
		3CBCDBC722206BD100BF9C9D /* Debug */ = {
			isa = XCBuildConfiguration;
			buildSettings = {
				ALWAYS_SEARCH_USER_PATHS = NO;
				CLANG_ANALYZER_NONNULL = YES;
				CLANG_ANALYZER_NUMBER_OBJECT_CONVERSION = YES_AGGRESSIVE;
				CLANG_CXX_LANGUAGE_STANDARD = "gnu++14";
				CLANG_CXX_LIBRARY = "libc++";
				CLANG_ENABLE_MODULES = YES;
				CLANG_ENABLE_OBJC_ARC = YES;
				CLANG_ENABLE_OBJC_WEAK = YES;
				CLANG_WARN_BLOCK_CAPTURE_AUTORELEASING = YES;
				CLANG_WARN_BOOL_CONVERSION = YES;
				CLANG_WARN_COMMA = YES;
				CLANG_WARN_CONSTANT_CONVERSION = YES;
				CLANG_WARN_DEPRECATED_OBJC_IMPLEMENTATIONS = YES;
				CLANG_WARN_DIRECT_OBJC_ISA_USAGE = YES_ERROR;
				CLANG_WARN_DOCUMENTATION_COMMENTS = YES;
				CLANG_WARN_EMPTY_BODY = YES;
				CLANG_WARN_ENUM_CONVERSION = YES;
				CLANG_WARN_INFINITE_RECURSION = YES;
				CLANG_WARN_INT_CONVERSION = YES;
				CLANG_WARN_NON_LITERAL_NULL_CONVERSION = YES;
				CLANG_WARN_OBJC_IMPLICIT_RETAIN_SELF = YES;
				CLANG_WARN_OBJC_LITERAL_CONVERSION = YES;
				CLANG_WARN_OBJC_ROOT_CLASS = YES_ERROR;
				CLANG_WARN_RANGE_LOOP_ANALYSIS = YES;
				CLANG_WARN_STRICT_PROTOTYPES = YES;
				CLANG_WARN_SUSPICIOUS_MOVE = YES;
				CLANG_WARN_UNGUARDED_AVAILABILITY = YES_AGGRESSIVE;
				CLANG_WARN_UNREACHABLE_CODE = YES;
				CLANG_WARN__DUPLICATE_METHOD_MATCH = YES;
				CODE_SIGN_IDENTITY = "iPhone Developer";
				COPY_PHASE_STRIP = NO;
				DEBUG_INFORMATION_FORMAT = dwarf;
				ENABLE_STRICT_OBJC_MSGSEND = YES;
				ENABLE_TESTABILITY = YES;
				GCC_C_LANGUAGE_STANDARD = gnu11;
				GCC_DYNAMIC_NO_PIC = NO;
				GCC_NO_COMMON_BLOCKS = YES;
				GCC_OPTIMIZATION_LEVEL = 0;
				GCC_PREPROCESSOR_DEFINITIONS = (
					"DEBUG=1",
					"$(inherited)",
				);
				GCC_WARN_64_TO_32_BIT_CONVERSION = YES;
				GCC_WARN_ABOUT_RETURN_TYPE = YES_ERROR;
				GCC_WARN_UNDECLARED_SELECTOR = YES;
				GCC_WARN_UNINITIALIZED_AUTOS = YES_AGGRESSIVE;
				GCC_WARN_UNUSED_FUNCTION = YES;
				GCC_WARN_UNUSED_VARIABLE = YES;
				IPHONEOS_DEPLOYMENT_TARGET = 12.1;
				MTL_ENABLE_DEBUG_INFO = INCLUDE_SOURCE;
				MTL_FAST_MATH = YES;
				ONLY_ACTIVE_ARCH = YES;
				SDKROOT = iphoneos;
				SWIFT_ACTIVE_COMPILATION_CONDITIONS = DEBUG;
				SWIFT_OPTIMIZATION_LEVEL = "-Onone";
			};
			name = Debug;
		};
		3CBCDBC822206BD100BF9C9D /* Release */ = {
			isa = XCBuildConfiguration;
			buildSettings = {
				ALWAYS_SEARCH_USER_PATHS = NO;
				CLANG_ANALYZER_NONNULL = YES;
				CLANG_ANALYZER_NUMBER_OBJECT_CONVERSION = YES_AGGRESSIVE;
				CLANG_CXX_LANGUAGE_STANDARD = "gnu++14";
				CLANG_CXX_LIBRARY = "libc++";
				CLANG_ENABLE_MODULES = YES;
				CLANG_ENABLE_OBJC_ARC = YES;
				CLANG_ENABLE_OBJC_WEAK = YES;
				CLANG_WARN_BLOCK_CAPTURE_AUTORELEASING = YES;
				CLANG_WARN_BOOL_CONVERSION = YES;
				CLANG_WARN_COMMA = YES;
				CLANG_WARN_CONSTANT_CONVERSION = YES;
				CLANG_WARN_DEPRECATED_OBJC_IMPLEMENTATIONS = YES;
				CLANG_WARN_DIRECT_OBJC_ISA_USAGE = YES_ERROR;
				CLANG_WARN_DOCUMENTATION_COMMENTS = YES;
				CLANG_WARN_EMPTY_BODY = YES;
				CLANG_WARN_ENUM_CONVERSION = YES;
				CLANG_WARN_INFINITE_RECURSION = YES;
				CLANG_WARN_INT_CONVERSION = YES;
				CLANG_WARN_NON_LITERAL_NULL_CONVERSION = YES;
				CLANG_WARN_OBJC_IMPLICIT_RETAIN_SELF = YES;
				CLANG_WARN_OBJC_LITERAL_CONVERSION = YES;
				CLANG_WARN_OBJC_ROOT_CLASS = YES_ERROR;
				CLANG_WARN_RANGE_LOOP_ANALYSIS = YES;
				CLANG_WARN_STRICT_PROTOTYPES = YES;
				CLANG_WARN_SUSPICIOUS_MOVE = YES;
				CLANG_WARN_UNGUARDED_AVAILABILITY = YES_AGGRESSIVE;
				CLANG_WARN_UNREACHABLE_CODE = YES;
				CLANG_WARN__DUPLICATE_METHOD_MATCH = YES;
				CODE_SIGN_IDENTITY = "iPhone Developer";
				COPY_PHASE_STRIP = NO;
				DEBUG_INFORMATION_FORMAT = "dwarf-with-dsym";
				ENABLE_NS_ASSERTIONS = NO;
				ENABLE_STRICT_OBJC_MSGSEND = YES;
				GCC_C_LANGUAGE_STANDARD = gnu11;
				GCC_NO_COMMON_BLOCKS = YES;
				GCC_WARN_64_TO_32_BIT_CONVERSION = YES;
				GCC_WARN_ABOUT_RETURN_TYPE = YES_ERROR;
				GCC_WARN_UNDECLARED_SELECTOR = YES;
				GCC_WARN_UNINITIALIZED_AUTOS = YES_AGGRESSIVE;
				GCC_WARN_UNUSED_FUNCTION = YES;
				GCC_WARN_UNUSED_VARIABLE = YES;
				IPHONEOS_DEPLOYMENT_TARGET = 12.1;
				MTL_ENABLE_DEBUG_INFO = NO;
				MTL_FAST_MATH = YES;
				SDKROOT = iphoneos;
				SWIFT_COMPILATION_MODE = wholemodule;
				SWIFT_OPTIMIZATION_LEVEL = "-O";
				VALIDATE_PRODUCT = YES;
			};
			name = Release;
		};
		3CBCDBCA22206BD100BF9C9D /* Debug */ = {
			isa = XCBuildConfiguration;
			buildSettings = {
				ASSETCATALOG_COMPILER_APPICON_NAME = AppIcon;
				CODE_SIGN_STYLE = Automatic;
				DEVELOPMENT_TEAM = JF8P35BSWL;
				INFOPLIST_FILE = "API Calling/Info.plist";
				LD_RUNPATH_SEARCH_PATHS = (
					"$(inherited)",
					"@executable_path/Frameworks",
				);
				PRODUCT_BUNDLE_IDENTIFIER = "-15-Games.API-Calling";
				PRODUCT_NAME = "$(TARGET_NAME)";
				SWIFT_VERSION = 4.2;
				TARGETED_DEVICE_FAMILY = "1,2";
			};
			name = Debug;
		};
		3CBCDBCB22206BD100BF9C9D /* Release */ = {
			isa = XCBuildConfiguration;
			buildSettings = {
				ASSETCATALOG_COMPILER_APPICON_NAME = AppIcon;
				CODE_SIGN_STYLE = Automatic;
				DEVELOPMENT_TEAM = JF8P35BSWL;
				INFOPLIST_FILE = "API Calling/Info.plist";
				LD_RUNPATH_SEARCH_PATHS = (
					"$(inherited)",
					"@executable_path/Frameworks",
				);
				PRODUCT_BUNDLE_IDENTIFIER = "-15-Games.API-Calling";
				PRODUCT_NAME = "$(TARGET_NAME)";
				SWIFT_VERSION = 4.2;
				TARGETED_DEVICE_FAMILY = "1,2";
			};
			name = Release;
		};
/* End XCBuildConfiguration section */

/* Begin XCConfigurationList section */
		3CBCDBB222206BCC00BF9C9D /* Build configuration list for PBXProject "API Calling" */ = {
			isa = XCConfigurationList;
			buildConfigurations = (
				3CBCDBC722206BD100BF9C9D /* Debug */,
				3CBCDBC822206BD100BF9C9D /* Release */,
			);
			defaultConfigurationIsVisible = 0;
			defaultConfigurationName = Release;
		};
		3CBCDBC922206BD100BF9C9D /* Build configuration list for PBXNativeTarget "API Calling" */ = {
			isa = XCConfigurationList;
			buildConfigurations = (
				3CBCDBCA22206BD100BF9C9D /* Debug */,
				3CBCDBCB22206BD100BF9C9D /* Release */,
			);
			defaultConfigurationIsVisible = 0;
			defaultConfigurationName = Release;
		};
/* End XCConfigurationList section */
	};
	rootObject = 3CBCDBAF22206BCC00BF9C9D /* Project object */;
}
